
Microsoft Visual Studio Solution File, Format Version 12.00
# Visual Studio Version 16
VisualStudioVersion = 16.0.31402.337
MinimumVisualStudioVersion = 10.0.40219.1
Project("{FAE04EC0-301F-11D3-BF4B-00C04F79EFBC}") = "Sistema de Calificaciones", "Sistema de Calificaciones.csproj", "{F5754E29-F42F-4F4A-8B16-53F3934E76B5}"
EndProject
Global
	GlobalSection(SolutionConfigurationPlatforms) = preSolution
		Debug|Any CPU = Debug|Any CPU
		Release|Any CPU = Release|Any CPU
	EndGlobalSection
	GlobalSection(ProjectConfigurationPlatforms) = postSolution
		{F5754E29-F42F-4F4A-8B16-53F3934E76B5}.Debug|Any CPU.ActiveCfg = Debug|Any CPU
		{F5754E29-F42F-4F4A-8B16-53F3934E76B5}.Debug|Any CPU.Build.0 = Debug|Any CPU
		{F5754E29-F42F-4F4A-8B16-53F3934E76B5}.Release|Any CPU.ActiveCfg = Release|Any CPU
		{F5754E29-F42F-4F4A-8B16-53F3934E76B5}.Release|Any CPU.Build.0 = Release|Any CPU
	EndGlobalSection
	GlobalSection(SolutionProperties) = preSolution
		HideSolutionNode = FALSE
	EndGlobalSection
	GlobalSection(ExtensibilityGlobals) = postSolution
		SolutionGuid = {D5E1D653-4602-4C4E-A7A6-3C90F7B25020}
	EndGlobalSection
EndGlobal
